
Microsoft Visual Studio Solution File, Format Version 12.00
# Visual Studio Version 17
VisualStudioVersion = 17.1.32328.378
MinimumVisualStudioVersion = 10.0.40219.1
Project("{FAE04EC0-301F-11D3-BF4B-00C04F79EFBC}") = "SSP2", "SSP2\SSP2.csproj", "{52844AD1-E259-4BEC-AF06-D00224AD6468}"
EndProject
Project("{FAE04EC0-301F-11D3-BF4B-00C04F79EFBC}") = "GameTesting", "GameTesting\GameTesting.csproj", "{FE56734D-2C58-4ED2-9982-237C458991E4}"
EndProject
Global
	GlobalSection(SolutionConfigurationPlatforms) = preSolution
		Debug|Any CPU = Debug|Any CPU
		Release|Any CPU = Release|Any CPU
	EndGlobalSection
	GlobalSection(ProjectConfigurationPlatforms) = postSolution
		{52844AD1-E259-4BEC-AF06-D00224AD6468}.Debug|Any CPU.ActiveCfg = Debug|Any CPU
		{52844AD1-E259-4BEC-AF06-D00224AD6468}.Debug|Any CPU.Build.0 = Debug|Any CPU
		{52844AD1-E259-4BEC-AF06-D00224AD6468}.Release|Any CPU.ActiveCfg = Release|Any CPU
		{52844AD1-E259-4BEC-AF06-D00224AD6468}.Release|Any CPU.Build.0 = Release|Any CPU
		{FE56734D-2C58-4ED2-9982-237C458991E4}.Debug|Any CPU.ActiveCfg = Debug|Any CPU
		{FE56734D-2C58-4ED2-9982-237C458991E4}.Debug|Any CPU.Build.0 = Debug|Any CPU
		{FE56734D-2C58-4ED2-9982-237C458991E4}.Release|Any CPU.ActiveCfg = Release|Any CPU
		{FE56734D-2C58-4ED2-9982-237C458991E4}.Release|Any CPU.Build.0 = Release|Any CPU
	EndGlobalSection
	GlobalSection(SolutionProperties) = preSolution
		HideSolutionNode = FALSE
	EndGlobalSection
	GlobalSection(ExtensibilityGlobals) = postSolution
		SolutionGuid = {925D72C4-E477-471B-8A52-CF935972809C}
	EndGlobalSection
EndGlobal
